{
  "name": "bot_ai-api",
  "version": "1.0.0",
  "lockfileVersion": 3,
  "requires": true,
  "packages": {
    "": {
      "name": "bot_ai-api",
      "version": "1.0.0",
      "dependencies": {
        "groq-sdk": "^1.4.0"
      }
    },
    "node_modules/groq-sdk": {
      "version": "1.4.1",
      "resolved": "https://registry.npmjs.org/groq-sdk/-/groq-sdk-1.4.1.tgz",
      "integrity": "sha512-M/SmQdHy+nI4ZWyDgXK57p+jQHi9ojjzJVv3mlkDAL/vvxduUYoyAzib70dNvxsWmwsyZTSERMrXgaXR3B3KUA==",
      "license": "Apache-2.0",
      "bin": {
        "groq-sdk": "bin/cli"
      }
    }
  }
}
